// !$*UTF8*$!
{
	archiveVersion = 1;
	classes = {
	};
	objectVersion = 56;
	objects = {

/* Begin PBXBuildFile section */
		451DA6192998EA6D00273CE0 /* MenuViewController.swift in Sources */ = {isa = PBXBuildFile; fileRef = 451DA6182998EA6D00273CE0 /* MenuViewController.swift */; };
		451DA61B2998F17B00273CE0 /* HomeViewController.swift in Sources */ = {isa = PBXBuildFile; fileRef = 451DA61A2998F17B00273CE0 /* HomeViewController.swift */; };
		457198BC29C775DD007FA443 /* CircleView.swift in Sources */ = {isa = PBXBuildFile; fileRef = 457198BB29C775DD007FA443 /* CircleView.swift */; };
		4572F3E0298EBA55009F32B6 /* AppDelegate.swift in Sources */ = {isa = PBXBuildFile; fileRef = 4572F3DF298EBA55009F32B6 /* AppDelegate.swift */; };
		4572F3E2298EBA55009F32B6 /* SceneDelegate.swift in Sources */ = {isa = PBXBuildFile; fileRef = 4572F3E1298EBA55009F32B6 /* SceneDelegate.swift */; };
		4572F3E9298EBA56009F32B6 /* Assets.xcassets in Resources */ = {isa = PBXBuildFile; fileRef = 4572F3E8298EBA56009F32B6 /* Assets.xcassets */; };
		4572F3EC298EBA56009F32B6 /* LaunchScreen.storyboard in Resources */ = {isa = PBXBuildFile; fileRef = 4572F3EA298EBA56009F32B6 /* LaunchScreen.storyboard */; };
		4572F3F7298EBA57009F32B6 /* firstAppTests.swift in Sources */ = {isa = PBXBuildFile; fileRef = 4572F3F6298EBA57009F32B6 /* firstAppTests.swift */; };
		4572F401298EBA57009F32B6 /* firstAppUITests.swift in Sources */ = {isa = PBXBuildFile; fileRef = 4572F400298EBA57009F32B6 /* firstAppUITests.swift */; };
		4572F403298EBA57009F32B6 /* firstAppUITestsLaunchTests.swift in Sources */ = {isa = PBXBuildFile; fileRef = 4572F402298EBA57009F32B6 /* firstAppUITestsLaunchTests.swift */; };
		4572F410298EC378009F32B6 /* ContainerViewController.swift in Sources */ = {isa = PBXBuildFile; fileRef = 4572F40F298EC378009F32B6 /* ContainerViewController.swift */; };
		45917D1929ACFFCB00A5A0B0 /* CustomTableViewCell.swift in Sources */ = {isa = PBXBuildFile; fileRef = 45917D1829ACFFCB00A5A0B0 /* CustomTableViewCell.swift */; };
		45F87C8829A26338003AE417 /* CreateTaskViewController.swift in Sources */ = {isa = PBXBuildFile; fileRef = 45F87C8729A26338003AE417 /* CreateTaskViewController.swift */; };
/* End PBXBuildFile section */

/* Begin PBXContainerItemProxy section */
		4572F3F3298EBA57009F32B6 /* PBXContainerItemProxy */ = {
			isa = PBXContainerItemProxy;
			containerPortal = 4572F3D4298EBA54009F32B6 /* Project object */;
			proxyType = 1;
			remoteGlobalIDString = 4572F3DB298EBA55009F32B6;
			remoteInfo = firstApp;
		};
		4572F3FD298EBA57009F32B6 /* PBXContainerItemProxy */ = {
			isa = PBXContainerItemProxy;
			containerPortal = 4572F3D4298EBA54009F32B6 /* Project object */;
			proxyType = 1;
			remoteGlobalIDString = 4572F3DB298EBA55009F32B6;
			remoteInfo = firstApp;
		};
/* End PBXContainerItemProxy section */

/* Begin PBXFileReference section */
		451DA6182998EA6D00273CE0 /* MenuViewController.swift */ = {isa = PBXFileReference; lastKnownFileType = sourcecode.swift; path = MenuViewController.swift; sourceTree = "<group>"; };
		451DA61A2998F17B00273CE0 /* HomeViewController.swift */ = {isa = PBXFileReference; lastKnownFileType = sourcecode.swift; path = HomeViewController.swift; sourceTree = "<group>"; };
		457198BB29C775DD007FA443 /* CircleView.swift */ = {isa = PBXFileReference; lastKnownFileType = sourcecode.swift; path = CircleView.swift; sourceTree = "<group>"; };
		4572F3DC298EBA55009F32B6 /* firstApp.app */ = {isa = PBXFileReference; explicitFileType = wrapper.application; includeInIndex = 0; path = firstApp.app; sourceTree = BUILT_PRODUCTS_DIR; };
		4572F3DF298EBA55009F32B6 /* AppDelegate.swift */ = {isa = PBXFileReference; lastKnownFileType = sourcecode.swift; path = AppDelegate.swift; sourceTree = "<group>"; };
		4572F3E1298EBA55009F32B6 /* SceneDelegate.swift */ = {isa = PBXFileReference; lastKnownFileType = sourcecode.swift; path = SceneDelegate.swift; sourceTree = "<group>"; };
		4572F3E8298EBA56009F32B6 /* Assets.xcassets */ = {isa = PBXFileReference; lastKnownFileType = folder.assetcatalog; path = Assets.xcassets; sourceTree = "<group>"; };
		4572F3EB298EBA56009F32B6 /* Base */ = {isa = PBXFileReference; lastKnownFileType = file.storyboard; name = Base; path = Base.lproj/LaunchScreen.storyboard; sourceTree = "<group>"; };
		4572F3ED298EBA56009F32B6 /* Info.plist */ = {isa = PBXFileReference; lastKnownFileType = text.plist.xml; path = Info.plist; sourceTree = "<group>"; };
		4572F3F2298EBA57009F32B6 /* firstAppTests.xctest */ = {isa = PBXFileReference; explicitFileType = wrapper.cfbundle; includeInIndex = 0; path = firstAppTests.xctest; sourceTree = BUILT_PRODUCTS_DIR; };
		4572F3F6298EBA57009F32B6 /* firstAppTests.swift */ = {isa = PBXFileReference; lastKnownFileType = sourcecode.swift; path = firstAppTests.swift; sourceTree = "<group>"; };
		4572F3FC298EBA57009F32B6 /* firstAppUITests.xctest */ = {isa = PBXFileReference; explicitFileType = wrapper.cfbundle; includeInIndex = 0; path = firstAppUITests.xctest; sourceTree = BUILT_PRODUCTS_DIR; };
		4572F400298EBA57009F32B6 /* firstAppUITests.swift */ = {isa = PBXFileReference; lastKnownFileType = sourcecode.swift; path = firstAppUITests.swift; sourceTree = "<group>"; };
		4572F402298EBA57009F32B6 /* firstAppUITestsLaunchTests.swift */ = {isa = PBXFileReference; lastKnownFileType = sourcecode.swift; path = firstAppUITestsLaunchTests.swift; sourceTree = "<group>"; };
		4572F40F298EC378009F32B6 /* ContainerViewController.swift */ = {isa = PBXFileReference; lastKnownFileType = sourcecode.swift; path = ContainerViewController.swift; sourceTree = "<group>"; };
		45917D1829ACFFCB00A5A0B0 /* CustomTableViewCell.swift */ = {isa = PBXFileReference; lastKnownFileType = sourcecode.swift; path = CustomTableViewCell.swift; sourceTree = "<group>"; };
		45F87C8729A26338003AE417 /* CreateTaskViewController.swift */ = {isa = PBXFileReference; lastKnownFileType = sourcecode.swift; path = CreateTaskViewController.swift; sourceTree = "<group>"; };
/* End PBXFileReference section */

/* Begin PBXFrameworksBuildPhase section */
		4572F3D9298EBA55009F32B6 /* Frameworks */ = {
			isa = PBXFrameworksBuildPhase;
			buildActionMask = 2147483647;
			files = (
			);
			runOnlyForDeploymentPostprocessing = 0;
		};
		4572F3EF298EBA57009F32B6 /* Frameworks */ = {
			isa = PBXFrameworksBuildPhase;
			buildActionMask = 2147483647;
			files = (
			);
			runOnlyForDeploymentPostprocessing = 0;
		};
		4572F3F9298EBA57009F32B6 /* Frameworks */ = {
			isa = PBXFrameworksBuildPhase;
			buildActionMask = 2147483647;
			files = (
			);
			runOnlyForDeploymentPostprocessing = 0;
		};
/* End PBXFrameworksBuildPhase section */

/* Begin PBXGroup section */
		4572F3D3298EBA54009F32B6 = {
			isa = PBXGroup;
			children = (
				45917D1829ACFFCB00A5A0B0 /* CustomTableViewCell.swift */,
				4572F3DE298EBA55009F32B6 /* firstApp */,
				4572F3F5298EBA57009F32B6 /* firstAppTests */,
				4572F3FF298EBA57009F32B6 /* firstAppUITests */,
				4572F3DD298EBA55009F32B6 /* Products */,
			);
			sourceTree = "<group>";
		};
		4572F3DD298EBA55009F32B6 /* Products */ = {
			isa = PBXGroup;
			children = (
				4572F3DC298EBA55009F32B6 /* firstApp.app */,
				4572F3F2298EBA57009F32B6 /* firstAppTests.xctest */,
				4572F3FC298EBA57009F32B6 /* firstAppUITests.xctest */,
			);
			name = Products;
			sourceTree = "<group>";
		};
		4572F3DE298EBA55009F32B6 /* firstApp */ = {
			isa = PBXGroup;
			children = (
				4572F3DF298EBA55009F32B6 /* AppDelegate.swift */,
				4572F3E1298EBA55009F32B6 /* SceneDelegate.swift */,
				45F87C8729A26338003AE417 /* CreateTaskViewController.swift */,
				457198BB29C775DD007FA443 /* CircleView.swift */,
				4572F40F298EC378009F32B6 /* ContainerViewController.swift */,
				451DA61A2998F17B00273CE0 /* HomeViewController.swift */,
				451DA6182998EA6D00273CE0 /* MenuViewController.swift */,
				4572F3E8298EBA56009F32B6 /* Assets.xcassets */,
				4572F3EA298EBA56009F32B6 /* LaunchScreen.storyboard */,
				4572F3ED298EBA56009F32B6 /* Info.plist */,
			);
			path = firstApp;
			sourceTree = "<group>";
		};
		4572F3F5298EBA57009F32B6 /* firstAppTests */ = {
			isa = PBXGroup;
			children = (
				4572F3F6298EBA57009F32B6 /* firstAppTests.swift */,
			);
			path = firstAppTests;
			sourceTree = "<group>";
		};
		4572F3FF298EBA57009F32B6 /* firstAppUITests */ = {
			isa = PBXGroup;
			children = (
				4572F400298EBA57009F32B6 /* firstAppUITests.swift */,
				4572F402298EBA57009F32B6 /* firstAppUITestsLaunchTests.swift */,
			);
			path = firstAppUITests;
			sourceTree = "<group>";
		};
/* End PBXGroup section */

/* Begin PBXNativeTarget section */
		4572F3DB298EBA55009F32B6 /* firstApp */ = {
			isa = PBXNativeTarget;
			buildConfigurationList = 4572F406298EBA57009F32B6 /* Build configuration list for PBXNativeTarget "firstApp" */;
			buildPhases = (
				4572F3D8298EBA55009F32B6 /* Sources */,
				4572F3D9298EBA55009F32B6 /* Frameworks */,
				4572F3DA298EBA55009F32B6 /* Resources */,
			);
			buildRules = (
			);
			dependencies = (
			);
			name = firstApp;
			productName = firstApp;
			productReference = 4572F3DC298EBA55009F32B6 /* firstApp.app */;
			productType = "com.apple.product-type.application";
		};
		4572F3F1298EBA57009F32B6 /* firstAppTests */ = {
			isa = PBXNativeTarget;
			buildConfigurationList = 4572F409298EBA57009F32B6 /* Build configuration list for PBXNativeTarget "firstAppTests" */;
			buildPhases = (
				4572F3EE298EBA57009F32B6 /* Sources */,
				4572F3EF298EBA57009F32B6 /* Frameworks */,
				4572F3F0298EBA57009F32B6 /* Resources */,
			);
			buildRules = (
			);
			dependencies = (
				4572F3F4298EBA57009F32B6 /* PBXTargetDependency */,
			);
			name = firstAppTests;
			productName = firstAppTests;
			productReference = 4572F3F2298EBA57009F32B6 /* firstAppTests.xctest */;
			productType = "com.apple.product-type.bundle.unit-test";
		};
		4572F3FB298EBA57009F32B6 /* firstAppUITests */ = {
			isa = PBXNativeTarget;
			buildConfigurationList = 4572F40C298EBA57009F32B6 /* Build configuration list for PBXNativeTarget "firstAppUITests" */;
			buildPhases = (
				4572F3F8298EBA57009F32B6 /* Sources */,
				4572F3F9298EBA57009F32B6 /* Frameworks */,
				4572F3FA298EBA57009F32B6 /* Resources */,
			);
			buildRules = (
			);
			dependencies = (
				4572F3FE298EBA57009F32B6 /* PBXTargetDependency */,
			);
			name = firstAppUITests;
			productName = firstAppUITests;
			productReference = 4572F3FC298EBA57009F32B6 /* firstAppUITests.xctest */;
			productType = "com.apple.product-type.bundle.ui-testing";
		};
/* End PBXNativeTarget section */

/* Begin PBXProject section */
		4572F3D4298EBA54009F32B6 /* Project object */ = {
			isa = PBXProject;
			attributes = {
				BuildIndependentTargetsInParallel = 1;
				LastSwiftUpdateCheck = 1420;
				LastUpgradeCheck = 1420;
				TargetAttributes = {
					4572F3DB298EBA55009F32B6 = {
						CreatedOnToolsVersion = 14.2;
					};
					4572F3F1298EBA57009F32B6 = {
						CreatedOnToolsVersion = 14.2;
						TestTargetID = 4572F3DB298EBA55009F32B6;
					};
					4572F3FB298EBA57009F32B6 = {
						CreatedOnToolsVersion = 14.2;
						TestTargetID = 4572F3DB298EBA55009F32B6;
					};
				};
			};
			buildConfigurationList = 4572F3D7298EBA54009F32B6 /* Build configuration list for PBXProject "firstApp" */;
			compatibilityVersion = "Xcode 14.0";
			developmentRegion = en;
			hasScannedForEncodings = 0;
			knownRegions = (
				en,
				Base,
			);
			mainGroup = 4572F3D3298EBA54009F32B6;
			productRefGroup = 4572F3DD298EBA55009F32B6 /* Products */;
			projectDirPath = "";
			projectRoot = "";
			targets = (
				4572F3DB298EBA55009F32B6 /* firstApp */,
				4572F3F1298EBA57009F32B6 /* firstAppTests */,
				4572F3FB298EBA57009F32B6 /* firstAppUITests */,
			);
		};
/* End PBXProject section */

/* Begin PBXResourcesBuildPhase section */
		4572F3DA298EBA55009F32B6 /* Resources */ = {
			isa = PBXResourcesBuildPhase;
			buildActionMask = 2147483647;
			files = (
				4572F3EC298EBA56009F32B6 /* LaunchScreen.storyboard in Resources */,
				4572F3E9298EBA56009F32B6 /* Assets.xcassets in Resources */,
			);
			runOnlyForDeploymentPostprocessing = 0;
		};
		4572F3F0298EBA57009F32B6 /* Resources */ = {
			isa = PBXResourcesBuildPhase;
			buildActionMask = 2147483647;
			files = (
			);
			runOnlyForDeploymentPostprocessing = 0;
		};
		4572F3FA298EBA57009F32B6 /* Resources */ = {
			isa = PBXResourcesBuildPhase;
			buildActionMask = 2147483647;
			files = (
			);
			runOnlyForDeploymentPostprocessing = 0;
		};
/* End PBXResourcesBuildPhase section */

/* Begin PBXSourcesBuildPhase section */
		4572F3D8298EBA55009F32B6 /* Sources */ = {
			isa = PBXSourcesBuildPhase;
			buildActionMask = 2147483647;
			files = (
				457198BC29C775DD007FA443 /* CircleView.swift in Sources */,
				451DA61B2998F17B00273CE0 /* HomeViewController.swift in Sources */,
				4572F410298EC378009F32B6 /* ContainerViewController.swift in Sources */,
				4572F3E0298EBA55009F32B6 /* AppDelegate.swift in Sources */,
				45917D1929ACFFCB00A5A0B0 /* CustomTableViewCell.swift in Sources */,
				4572F3E2298EBA55009F32B6 /* SceneDelegate.swift in Sources */,
				451DA6192998EA6D00273CE0 /* MenuViewController.swift in Sources */,
				45F87C8829A26338003AE417 /* CreateTaskViewController.swift in Sources */,
			);
			runOnlyForDeploymentPostprocessing = 0;
		};
		4572F3EE298EBA57009F32B6 /* Sources */ = {
			isa = PBXSourcesBuildPhase;
			buildActionMask = 2147483647;
			files = (
				4572F3F7298EBA57009F32B6 /* firstAppTests.swift in Sources */,
			);
			runOnlyForDeploymentPostprocessing = 0;
		};
		4572F3F8298EBA57009F32B6 /* Sources */ = {
			isa = PBXSourcesBuildPhase;
			buildActionMask = 2147483647;
			files = (
				4572F403298EBA57009F32B6 /* firstAppUITestsLaunchTests.swift in Sources */,
				4572F401298EBA57009F32B6 /* firstAppUITests.swift in Sources */,
			);
			runOnlyForDeploymentPostprocessing = 0;
		};
/* End PBXSourcesBuildPhase section */

/* Begin PBXTargetDependency section */
		4572F3F4298EBA57009F32B6 /* PBXTargetDependency */ = {
			isa = PBXTargetDependency;
			target = 4572F3DB298EBA55009F32B6 /* firstApp */;
			targetProxy = 4572F3F3298EBA57009F32B6 /* PBXContainerItemProxy */;
		};
		4572F3FE298EBA57009F32B6 /* PBXTargetDependency */ = {
			isa = PBXTargetDependency;
			target = 4572F3DB298EBA55009F32B6 /* firstApp */;
			targetProxy = 4572F3FD298EBA57009F32B6 /* PBXContainerItemProxy */;
		};
/* End PBXTargetDependency section */

/* Begin PBXVariantGroup section */
		4572F3EA298EBA56009F32B6 /* LaunchScreen.storyboard */ = {
			isa = PBXVariantGroup;
			children = (
				4572F3EB298EBA56009F32B6 /* Base */,
			);
			name = LaunchScreen.storyboard;
			sourceTree = "<group>";
		};
/* End PBXVariantGroup section */

/* Begin XCBuildConfiguration section */
		4572F404298EBA57009F32B6 /* Debug */ = {
			isa = XCBuildConfiguration;
			buildSettings = {
				ALWAYS_SEARCH_USER_PATHS = NO;
				CLANG_ANALYZER_NONNULL = YES;
				CLANG_ANALYZER_NUMBER_OBJECT_CONVERSION = YES_AGGRESSIVE;
				CLANG_CXX_LANGUAGE_STANDARD = "gnu++20";
				CLANG_ENABLE_MODULES = YES;
				CLANG_ENABLE_OBJC_ARC = YES;
				CLANG_ENABLE_OBJC_WEAK = YES;
				CLANG_WARN_BLOCK_CAPTURE_AUTORELEASING = YES;
				CLANG_WARN_BOOL_CONVERSION = YES;
				CLANG_WARN_COMMA = YES;
				CLANG_WARN_CONSTANT_CONVERSION = YES;
				CLANG_WARN_DEPRECATED_OBJC_IMPLEMENTATIONS = YES;
				CLANG_WARN_DIRECT_OBJC_ISA_USAGE = YES_ERROR;
				CLANG_WARN_DOCUMENTATION_COMMENTS = YES;
				CLANG_WARN_EMPTY_BODY = YES;
				CLANG_WARN_ENUM_CONVERSION = YES;
				CLANG_WARN_INFINITE_RECURSION = YES;
				CLANG_WARN_INT_CONVERSION = YES;
				CLANG_WARN_NON_LITERAL_NULL_CONVERSION = YES;
				CLANG_WARN_OBJC_IMPLICIT_RETAIN_SELF = YES;
				CLANG_WARN_OBJC_LITERAL_CONVERSION = YES;
				CLANG_WARN_OBJC_ROOT_CLASS = YES_ERROR;
				CLANG_WARN_QUOTED_INCLUDE_IN_FRAMEWORK_HEADER = YES;
				CLANG_WARN_RANGE_LOOP_ANALYSIS = YES;
				CLANG_WARN_STRICT_PROTOTYPES = YES;
				CLANG_WARN_SUSPICIOUS_MOVE = YES;
				CLANG_WARN_UNGUARDED_AVAILABILITY = YES_AGGRESSIVE;
				CLANG_WARN_UNREACHABLE_CODE = YES;
				CLANG_WARN__DUPLICATE_METHOD_MATCH = YES;
				COPY_PHASE_STRIP = NO;
				DEBUG_INFORMATION_FORMAT = dwarf;
				ENABLE_STRICT_OBJC_MSGSEND = YES;
				ENABLE_TESTABILITY = YES;
				GCC_C_LANGUAGE_STANDARD = gnu11;
				GCC_DYNAMIC_NO_PIC = NO;
				GCC_NO_COMMON_BLOCKS = YES;
				GCC_OPTIMIZATION_LEVEL = 0;
				GCC_PREPROCESSOR_DEFINITIONS = (
					"DEBUG=1",
					"$(inherited)",
				);
				GCC_WARN_64_TO_32_BIT_CONVERSION = YES;
				GCC_WARN_ABOUT_RETURN_TYPE = YES_ERROR;
				GCC_WARN_UNDECLARED_SELECTOR = YES;
				GCC_WARN_UNINITIALIZED_AUTOS = YES_AGGRESSIVE;
				GCC_WARN_UNUSED_FUNCTION = YES;
				GCC_WARN_UNUSED_VARIABLE = YES;
				IPHONEOS_DEPLOYMENT_TARGET = 15.0;
				MTL_ENABLE_DEBUG_INFO = INCLUDE_SOURCE;
				MTL_FAST_MATH = YES;
				ONLY_ACTIVE_ARCH = YES;
				SDKROOT = iphoneos;
				SWIFT_ACTIVE_COMPILATION_CONDITIONS = DEBUG;
				SWIFT_OPTIMIZATION_LEVEL = "-Onone";
			};
			name = Debug;
		};
		4572F405298EBA57009F32B6 /* Release */ = {
			isa = XCBuildConfiguration;
			buildSettings = {
				ALWAYS_SEARCH_USER_PATHS = NO;
				CLANG_ANALYZER_NONNULL = YES;
				CLANG_ANALYZER_NUMBER_OBJECT_CONVERSION = YES_AGGRESSIVE;
				CLANG_CXX_LANGUAGE_STANDARD = "gnu++20";
				CLANG_ENABLE_MODULES = YES;
				CLANG_ENABLE_OBJC_ARC = YES;
				CLANG_ENABLE_OBJC_WEAK = YES;
				CLANG_WARN_BLOCK_CAPTURE_AUTORELEASING = YES;
				CLANG_WARN_BOOL_CONVERSION = YES;
				CLANG_WARN_COMMA = YES;
				CLANG_WARN_CONSTANT_CONVERSION = YES;
				CLANG_WARN_DEPRECATED_OBJC_IMPLEMENTATIONS = YES;
				CLANG_WARN_DIRECT_OBJC_ISA_USAGE = YES_ERROR;
				CLANG_WARN_DOCUMENTATION_COMMENTS = YES;
				CLANG_WARN_EMPTY_BODY = YES;
				CLANG_WARN_ENUM_CONVERSION = YES;
				CLANG_WARN_INFINITE_RECURSION = YES;
				CLANG_WARN_INT_CONVERSION = YES;
				CLANG_WARN_NON_LITERAL_NULL_CONVERSION = YES;
				CLANG_WARN_OBJC_IMPLICIT_RETAIN_SELF = YES;
				CLANG_WARN_OBJC_LITERAL_CONVERSION = YES;
				CLANG_WARN_OBJC_ROOT_CLASS = YES_ERROR;
				CLANG_WARN_QUOTED_INCLUDE_IN_FRAMEWORK_HEADER = YES;
				CLANG_WARN_RANGE_LOOP_ANALYSIS = YES;
				CLANG_WARN_STRICT_PROTOTYPES = YES;
				CLANG_WARN_SUSPICIOUS_MOVE = YES;
				CLANG_WARN_UNGUARDED_AVAILABILITY = YES_AGGRESSIVE;
				CLANG_WARN_UNREACHABLE_CODE = YES;
				CLANG_WARN__DUPLICATE_METHOD_MATCH = YES;
				COPY_PHASE_STRIP = NO;
				DEBUG_INFORMATION_FORMAT = "dwarf-with-dsym";
				ENABLE_NS_ASSERTIONS = NO;
				ENABLE_STRICT_OBJC_MSGSEND = YES;
				GCC_C_LANGUAGE_STANDARD = gnu11;
				GCC_NO_COMMON_BLOCKS = YES;
				GCC_WARN_64_TO_32_BIT_CONVERSION = YES;
				GCC_WARN_ABOUT_RETURN_TYPE = YES_ERROR;
				GCC_WARN_UNDECLARED_SELECTOR = YES;
				GCC_WARN_UNINITIALIZED_AUTOS = YES_AGGRESSIVE;
				GCC_WARN_UNUSED_FUNCTION = YES;
				GCC_WARN_UNUSED_VARIABLE = YES;
				IPHONEOS_DEPLOYMENT_TARGET = 15.0;
				MTL_ENABLE_DEBUG_INFO = NO;
				MTL_FAST_MATH = YES;
				SDKROOT = iphoneos;
				SWIFT_COMPILATION_MODE = wholemodule;
				SWIFT_OPTIMIZATION_LEVEL = "-O";
				VALIDATE_PRODUCT = YES;
			};
			name = Release;
		};
		4572F407298EBA57009F32B6 /* Debug */ = {
			isa = XCBuildConfiguration;
			buildSettings = {
				ASSETCATALOG_COMPILER_APPICON_NAME = AppIcon;
				ASSETCATALOG_COMPILER_GLOBAL_ACCENT_COLOR_NAME = AccentColor;
				CODE_SIGN_STYLE = Automatic;
				CURRENT_PROJECT_VERSION = 1;
				GENERATE_INFOPLIST_FILE = YES;
				INFOPLIST_FILE = firstApp/Info.plist;
				INFOPLIST_KEY_UIApplicationSupportsIndirectInputEvents = YES;
				INFOPLIST_KEY_UILaunchStoryboardName = LaunchScreen;
				INFOPLIST_KEY_UISupportedInterfaceOrientations = UIInterfaceOrientationPortrait;
				INFOPLIST_KEY_UISupportedInterfaceOrientations_iPad = "UIInterfaceOrientationPortrait UIInterfaceOrientationPortraitUpsideDown";
				LD_RUNPATH_SEARCH_PATHS = (
					"$(inherited)",
					"@executable_path/Frameworks",
				);
				MARKETING_VERSION = 1.0;
				PRODUCT_BUNDLE_IDENTIFIER = Apple.firstApp;
				PRODUCT_NAME = "$(TARGET_NAME)";
				SWIFT_EMIT_LOC_STRINGS = YES;
				SWIFT_VERSION = 5.0;
				TARGETED_DEVICE_FAMILY = "1,2";
			};
			name = Debug;
		};
		4572F408298EBA57009F32B6 /* Release */ = {
			isa = XCBuildConfiguration;
			buildSettings = {
				ASSETCATALOG_COMPILER_APPICON_NAME = AppIcon;
				ASSETCATALOG_COMPILER_GLOBAL_ACCENT_COLOR_NAME = AccentColor;
				CODE_SIGN_STYLE = Automatic;
				CURRENT_PROJECT_VERSION = 1;
				GENERATE_INFOPLIST_FILE = YES;
				INFOPLIST_FILE = firstApp/Info.plist;
				INFOPLIST_KEY_UIApplicationSupportsIndirectInputEvents = YES;
				INFOPLIST_KEY_UILaunchStoryboardName = LaunchScreen;
				INFOPLIST_KEY_UISupportedInterfaceOrientations = UIInterfaceOrientationPortrait;
				INFOPLIST_KEY_UISupportedInterfaceOrientations_iPad = "UIInterfaceOrientationPortrait UIInterfaceOrientationPortraitUpsideDown";
				LD_RUNPATH_SEARCH_PATHS = (
					"$(inherited)",
					"@executable_path/Frameworks",
				);
				MARKETING_VERSION = 1.0;
				PRODUCT_BUNDLE_IDENTIFIER = Apple.firstApp;
				PRODUCT_NAME = "$(TARGET_NAME)";
				SWIFT_EMIT_LOC_STRINGS = YES;
				SWIFT_VERSION = 5.0;
				TARGETED_DEVICE_FAMILY = "1,2";
			};
			name = Release;
		};
		4572F40A298EBA57009F32B6 /* Debug */ = {
			isa = XCBuildConfiguration;
			buildSettings = {
				ALWAYS_EMBED_SWIFT_STANDARD_LIBRARIES = YES;
				BUNDLE_LOADER = "$(TEST_HOST)";
				CODE_SIGN_STYLE = Automatic;
				CURRENT_PROJECT_VERSION = 1;
				GENERATE_INFOPLIST_FILE = YES;
				IPHONEOS_DEPLOYMENT_TARGET = 16.2;
				MARKETING_VERSION = 1.0;
				PRODUCT_BUNDLE_IDENTIFIER = Apple.firstAppTests;
				PRODUCT_NAME = "$(TARGET_NAME)";
				SWIFT_EMIT_LOC_STRINGS = NO;
				SWIFT_VERSION = 5.0;
				TARGETED_DEVICE_FAMILY = "1,2";
				TEST_HOST = "$(BUILT_PRODUCTS_DIR)/firstApp.app/$(BUNDLE_EXECUTABLE_FOLDER_PATH)/firstApp";
			};
			name = Debug;
		};
		4572F40B298EBA57009F32B6 /* Release */ = {
			isa = XCBuildConfiguration;
			buildSettings = {
				ALWAYS_EMBED_SWIFT_STANDARD_LIBRARIES = YES;
				BUNDLE_LOADER = "$(TEST_HOST)";
				CODE_SIGN_STYLE = Automatic;
				CURRENT_PROJECT_VERSION = 1;
				GENERATE_INFOPLIST_FILE = YES;
				IPHONEOS_DEPLOYMENT_TARGET = 16.2;
				MARKETING_VERSION = 1.0;
				PRODUCT_BUNDLE_IDENTIFIER = Apple.firstAppTests;
				PRODUCT_NAME = "$(TARGET_NAME)";
				SWIFT_EMIT_LOC_STRINGS = NO;
				SWIFT_VERSION = 5.0;
				TARGETED_DEVICE_FAMILY = "1,2";
				TEST_HOST = "$(BUILT_PRODUCTS_DIR)/firstApp.app/$(BUNDLE_EXECUTABLE_FOLDER_PATH)/firstApp";
			};
			name = Release;
		};
		4572F40D298EBA57009F32B6 /* Debug */ = {
			isa = XCBuildConfiguration;
			buildSettings = {
				ALWAYS_EMBED_SWIFT_STANDARD_LIBRARIES = YES;
				CODE_SIGN_STYLE = Automatic;
				CURRENT_PROJECT_VERSION = 1;
				GENERATE_INFOPLIST_FILE = YES;
				MARKETING_VERSION = 1.0;
				PRODUCT_BUNDLE_IDENTIFIER = Apple.firstAppUITests;
				PRODUCT_NAME = "$(TARGET_NAME)";
				SWIFT_EMIT_LOC_STRINGS = NO;
				SWIFT_VERSION = 5.0;
				TARGETED_DEVICE_FAMILY = "1,2";
				TEST_TARGET_NAME = firstApp;
			};
			name = Debug;
		};
		4572F40E298EBA57009F32B6 /* Release */ = {
			isa = XCBuildConfiguration;
			buildSettings = {
				ALWAYS_EMBED_SWIFT_STANDARD_LIBRARIES = YES;
				CODE_SIGN_STYLE = Automatic;
				CURRENT_PROJECT_VERSION = 1;
				GENERATE_INFOPLIST_FILE = YES;
				MARKETING_VERSION = 1.0;
				PRODUCT_BUNDLE_IDENTIFIER = Apple.firstAppUITests;
				PRODUCT_NAME = "$(TARGET_NAME)";
				SWIFT_EMIT_LOC_STRINGS = NO;
				SWIFT_VERSION = 5.0;
				TARGETED_DEVICE_FAMILY = "1,2";
				TEST_TARGET_NAME = firstApp;
			};
			name = Release;
		};
/* End XCBuildConfiguration section */

/* Begin XCConfigurationList section */
		4572F3D7298EBA54009F32B6 /* Build configuration list for PBXProject "firstApp" */ = {
			isa = XCConfigurationList;
			buildConfigurations = (
				4572F404298EBA57009F32B6 /* Debug */,
				4572F405298EBA57009F32B6 /* Release */,
			);
			defaultConfigurationIsVisible = 0;
			defaultConfigurationName = Release;
		};
		4572F406298EBA57009F32B6 /* Build configuration list for PBXNativeTarget "firstApp" */ = {
			isa = XCConfigurationList;
			buildConfigurations = (
				4572F407298EBA57009F32B6 /* Debug */,
				4572F408298EBA57009F32B6 /* Release */,
			);
			defaultConfigurationIsVisible = 0;
			defaultConfigurationName = Release;
		};
		4572F409298EBA57009F32B6 /* Build configuration list for PBXNativeTarget "firstAppTests" */ = {
			isa = XCConfigurationList;
			buildConfigurations = (
				4572F40A298EBA57009F32B6 /* Debug */,
				4572F40B298EBA57009F32B6 /* Release */,
			);
			defaultConfigurationIsVisible = 0;
			defaultConfigurationName = Release;
		};
		4572F40C298EBA57009F32B6 /* Build configuration list for PBXNativeTarget "firstAppUITests" */ = {
			isa = XCConfigurationList;
			buildConfigurations = (
				4572F40D298EBA57009F32B6 /* Debug */,
				4572F40E298EBA57009F32B6 /* Release */,
			);
			defaultConfigurationIsVisible = 0;
			defaultConfigurationName = Release;
		};
/* End XCConfigurationList section */
	};
	rootObject = 4572F3D4298EBA54009F32B6 /* Project object */;
}
